
Microsoft Visual Studio Solution File, Format Version 12.00
# Visual Studio Version 16
VisualStudioVersion = 16.0.31729.503
MinimumVisualStudioVersion = 10.0.40219.1
Project("{9A19103F-16F7-4668-BE54-9A1E7A4F7556}") = "Lab9", "Lab9\Lab9.csproj", "{5FD8A5B7-243C-410E-923E-07AB9A63EE33}"
EndProject
Project("{FAE04EC0-301F-11D3-BF4B-00C04F79EFBC}") = "Lab9Test", "Lab9Test\Lab9Test.csproj", "{DED0C6E9-C677-48BF-9781-BE809E381F24}"
EndProject
Global
	GlobalSection(SolutionConfigurationPlatforms) = preSolution
		Debug|Any CPU = Debug|Any CPU
		Release|Any CPU = Release|Any CPU
	EndGlobalSection
	GlobalSection(ProjectConfigurationPlatforms) = postSolution
		{5FD8A5B7-243C-410E-923E-07AB9A63EE33}.Debug|Any CPU.ActiveCfg = Debug|Any CPU
		{5FD8A5B7-243C-410E-923E-07AB9A63EE33}.Debug|Any CPU.Build.0 = Debug|Any CPU
		{5FD8A5B7-243C-410E-923E-07AB9A63EE33}.Release|Any CPU.ActiveCfg = Release|Any CPU
		{5FD8A5B7-243C-410E-923E-07AB9A63EE33}.Release|Any CPU.Build.0 = Release|Any CPU
		{DED0C6E9-C677-48BF-9781-BE809E381F24}.Debug|Any CPU.ActiveCfg = Debug|Any CPU
		{DED0C6E9-C677-48BF-9781-BE809E381F24}.Debug|Any CPU.Build.0 = Debug|Any CPU
		{DED0C6E9-C677-48BF-9781-BE809E381F24}.Release|Any CPU.ActiveCfg = Release|Any CPU
		{DED0C6E9-C677-48BF-9781-BE809E381F24}.Release|Any CPU.Build.0 = Release|Any CPU
	EndGlobalSection
	GlobalSection(SolutionProperties) = preSolution
		HideSolutionNode = FALSE
	EndGlobalSection
	GlobalSection(ExtensibilityGlobals) = postSolution
		SolutionGuid = {7C5D5ABE-25EB-45A4-8DDC-D337CCA19C48}
	EndGlobalSection
EndGlobal
